
Microsoft Visual Studio Solution File, Format Version 12.00
# Visual Studio Version 16
VisualStudioVersion = 16.0.31005.135
MinimumVisualStudioVersion = 10.0.40219.1
Project("{9A19103F-16F7-4668-BE54-9A1E7A4F7556}") = "ConsoleApp1", "ConsoleApp1\ConsoleApp1.csproj", "{9E7E15B2-022A-4BA6-B053-ADBA943B3393}"
EndProject
Project("{9A19103F-16F7-4668-BE54-9A1E7A4F7556}") = "ClassIntro", "ClassIntro\ClassIntro.csproj", "{6684180A-2DA2-4399-9450-79D05CB7F784}"
EndProject
Project("{9A19103F-16F7-4668-BE54-9A1E7A4F7556}") = "Metotlar", "Metotlar\Metotlar.csproj", "{AF0717B1-5AE6-4532-9EFE-3D796D7231E8}"
EndProject
Project("{FAE04EC0-301F-11D3-BF4B-00C04F79EFBC}") = "Test", "Test\Test.csproj", "{0C3B5F08-A5E4-44D2-BFAB-8742B04F831B}"
EndProject
Project("{FAE04EC0-301F-11D3-BF4B-00C04F79EFBC}") = "Matematik", "Matematik\Matematik.csproj", "{D6C81F19-0C7D-4339-8CE5-B22AA3BBBD3B}"
EndProject
Project("{FAE04EC0-301F-11D3-BF4B-00C04F79EFBC}") = "OOP1", "OOP1\OOP1.csproj", "{B5862D2F-5311-4FB5-BC7A-F4580F34E45C}"
EndProject
Project("{FAE04EC0-301F-11D3-BF4B-00C04F79EFBC}") = "Koleksiyonlar", "Koleksiyonlar\Koleksiyonlar.csproj", "{22AFD7DA-DF26-41C5-9613-0D859FEC737C}"
EndProject
Project("{FAE04EC0-301F-11D3-BF4B-00C04F79EFBC}") = "GenericsIntro", "GenericsIntro\GenericsIntro.csproj", "{38097F43-04FD-4109-A534-85D4D64720E3}"
EndProject
Project("{FAE04EC0-301F-11D3-BF4B-00C04F79EFBC}") = "OOP2", "OOP2\OOP2.csproj", "{9616A926-7479-4703-B8E1-49AD12C222BC}"
EndProject
Project("{FAE04EC0-301F-11D3-BF4B-00C04F79EFBC}") = "OOP3", "OOP3\OOP3.csproj", "{E9AD5662-5B0B-4755-973C-9BCD2B5B2AD7}"
EndProject
Project("{FAE04EC0-301F-11D3-BF4B-00C04F79EFBC}") = "OOP3-Tekrar", "OOP3-Tekrar\OOP3-Tekrar.csproj", "{3D5ACE9E-F420-4196-A84B-9A818382AF5F}"
EndProject
Global
	GlobalSection(SolutionConfigurationPlatforms) = preSolution
		Debug|Any CPU = Debug|Any CPU
		Release|Any CPU = Release|Any CPU
	EndGlobalSection
	GlobalSection(ProjectConfigurationPlatforms) = postSolution
		{9E7E15B2-022A-4BA6-B053-ADBA943B3393}.Debug|Any CPU.ActiveCfg = Debug|Any CPU
		{9E7E15B2-022A-4BA6-B053-ADBA943B3393}.Debug|Any CPU.Build.0 = Debug|Any CPU
		{9E7E15B2-022A-4BA6-B053-ADBA943B3393}.Release|Any CPU.ActiveCfg = Release|Any CPU
		{9E7E15B2-022A-4BA6-B053-ADBA943B3393}.Release|Any CPU.Build.0 = Release|Any CPU
		{6684180A-2DA2-4399-9450-79D05CB7F784}.Debug|Any CPU.ActiveCfg = Debug|Any CPU
		{6684180A-2DA2-4399-9450-79D05CB7F784}.Debug|Any CPU.Build.0 = Debug|Any CPU
		{6684180A-2DA2-4399-9450-79D05CB7F784}.Release|Any CPU.ActiveCfg = Release|Any CPU
		{6684180A-2DA2-4399-9450-79D05CB7F784}.Release|Any CPU.Build.0 = Release|Any CPU
		{AF0717B1-5AE6-4532-9EFE-3D796D7231E8}.Debug|Any CPU.ActiveCfg = Debug|Any CPU
		{AF0717B1-5AE6-4532-9EFE-3D796D7231E8}.Debug|Any CPU.Build.0 = Debug|Any CPU
		{AF0717B1-5AE6-4532-9EFE-3D796D7231E8}.Release|Any CPU.ActiveCfg = Release|Any CPU
		{AF0717B1-5AE6-4532-9EFE-3D796D7231E8}.Release|Any CPU.Build.0 = Release|Any CPU
		{0C3B5F08-A5E4-44D2-BFAB-8742B04F831B}.Debug|Any CPU.ActiveCfg = Debug|Any CPU
		{0C3B5F08-A5E4-44D2-BFAB-8742B04F831B}.Debug|Any CPU.Build.0 = Debug|Any CPU
		{0C3B5F08-A5E4-44D2-BFAB-8742B04F831B}.Release|Any CPU.ActiveCfg = Release|Any CPU
		{0C3B5F08-A5E4-44D2-BFAB-8742B04F831B}.Release|Any CPU.Build.0 = Release|Any CPU
		{D6C81F19-0C7D-4339-8CE5-B22AA3BBBD3B}.Debug|Any CPU.ActiveCfg = Debug|Any CPU
		{D6C81F19-0C7D-4339-8CE5-B22AA3BBBD3B}.Debug|Any CPU.Build.0 = Debug|Any CPU
		{D6C81F19-0C7D-4339-8CE5-B22AA3BBBD3B}.Release|Any CPU.ActiveCfg = Release|Any CPU
		{D6C81F19-0C7D-4339-8CE5-B22AA3BBBD3B}.Release|Any CPU.Build.0 = Release|Any CPU
		{B5862D2F-5311-4FB5-BC7A-F4580F34E45C}.Debug|Any CPU.ActiveCfg = Debug|Any CPU
		{B5862D2F-5311-4FB5-BC7A-F4580F34E45C}.Debug|Any CPU.Build.0 = Debug|Any CPU
		{B5862D2F-5311-4FB5-BC7A-F4580F34E45C}.Release|Any CPU.ActiveCfg = Release|Any CPU
		{B5862D2F-5311-4FB5-BC7A-F4580F34E45C}.Release|Any CPU.Build.0 = Release|Any CPU
		{22AFD7DA-DF26-41C5-9613-0D859FEC737C}.Debug|Any CPU.ActiveCfg = Debug|Any CPU
		{22AFD7DA-DF26-41C5-9613-0D859FEC737C}.Debug|Any CPU.Build.0 = Debug|Any CPU
		{22AFD7DA-DF26-41C5-9613-0D859FEC737C}.Release|Any CPU.ActiveCfg = Release|Any CPU
		{22AFD7DA-DF26-41C5-9613-0D859FEC737C}.Release|Any CPU.Build.0 = Release|Any CPU
		{38097F43-04FD-4109-A534-85D4D64720E3}.Debug|Any CPU.ActiveCfg = Debug|Any CPU
		{38097F43-04FD-4109-A534-85D4D64720E3}.Debug|Any CPU.Build.0 = Debug|Any CPU
		{38097F43-04FD-4109-A534-85D4D64720E3}.Release|Any CPU.ActiveCfg = Release|Any CPU
		{38097F43-04FD-4109-A534-85D4D64720E3}.Release|Any CPU.Build.0 = Release|Any CPU
		{9616A926-7479-4703-B8E1-49AD12C222BC}.Debug|Any CPU.ActiveCfg = Debug|Any CPU
		{9616A926-7479-4703-B8E1-49AD12C222BC}.Debug|Any CPU.Build.0 = Debug|Any CPU
		{9616A926-7479-4703-B8E1-49AD12C222BC}.Release|Any CPU.ActiveCfg = Release|Any CPU
		{9616A926-7479-4703-B8E1-49AD12C222BC}.Release|Any CPU.Build.0 = Release|Any CPU
		{E9AD5662-5B0B-4755-973C-9BCD2B5B2AD7}.Debug|Any CPU.ActiveCfg = Debug|Any CPU
		{E9AD5662-5B0B-4755-973C-9BCD2B5B2AD7}.Debug|Any CPU.Build.0 = Debug|Any CPU
		{E9AD5662-5B0B-4755-973C-9BCD2B5B2AD7}.Release|Any CPU.ActiveCfg = Release|Any CPU
		{E9AD5662-5B0B-4755-973C-9BCD2B5B2AD7}.Release|Any CPU.Build.0 = Release|Any CPU
		{3D5ACE9E-F420-4196-A84B-9A818382AF5F}.Debug|Any CPU.ActiveCfg = Debug|Any CPU
		{3D5ACE9E-F420-4196-A84B-9A818382AF5F}.Debug|Any CPU.Build.0 = Debug|Any CPU
		{3D5ACE9E-F420-4196-A84B-9A818382AF5F}.Release|Any CPU.ActiveCfg = Release|Any CPU
		{3D5ACE9E-F420-4196-A84B-9A818382AF5F}.Release|Any CPU.Build.0 = Release|Any CPU
	EndGlobalSection
	GlobalSection(SolutionProperties) = preSolution
		HideSolutionNode = FALSE
	EndGlobalSection
	GlobalSection(ExtensibilityGlobals) = postSolution
		SolutionGuid = {A2E195D2-32C6-417E-9D0C-5ECA1B588B97}
	EndGlobalSection
EndGlobal
